PODS:
  - Alamofire (5.2.1)
  - Kingfisher (5.14.0):
    - Kingfisher/Core (= 5.14.0)
  - Kingfisher/Core (5.14.0)
  - MJRefresh (3.4.3)
  - MMKV (1.1.2):
    - MMKVCore (~> 1.1.2)
  - MMKVCore (1.1.2)
  - SwiftProjectBsics (0.9.0):
    - Alamofire
    - Kingfisher
    - MJRefresh
    - MMKV

DEPENDENCIES:
  - SwiftProjectBsics (from `../`)

SPEC REPOS:
  https://github.com/CocoaPods/Specs.git:
    - Alamofire
    - Kingfisher
    - MJRefresh
    - MMKV
    - MMKVCore

EXTERNAL SOURCES:
  SwiftProjectBsics:
    :path: "../"

SPEC CHECKSUMS:
  Alamofire: e911732990610fe89af59ac0077f923d72dc3dfd
  Kingfisher: 7b64389a43139c903ec434788344c288217c792d
  MJRefresh: 53e3e3219f204425ee6d3e62e8733d3295944cd6
  MMKV: 319aede3b690572ad00bada5831146c63da3d009
  MMKVCore: ae976ab3f019a3e4448f884353e0557b324ff136
  SwiftProjectBsics: ce662bc7e5041bb5a0015a8fa34985712eb84a59

PODFILE CHECKSUM: 2c6b7f5fc5d52361d84cb88c056489bb5235e32f

COCOAPODS: 1.9.1
